
Microsoft Visual Studio Solution File, Format Version 11.00
# Visual Studio 2010
Project("{FAE04EC0-301F-11D3-BF4B-00C04F79EFBC}") = "ZadatakA26", "ZadatakA26\ZadatakA26.csproj", "{21B9ED2A-EC19-41C8-AE9A-18D032A5242D}"
EndProject
Global
	GlobalSection(SolutionConfigurationPlatforms) = preSolution
		Debug|Any CPU = Debug|Any CPU
		Release|Any CPU = Release|Any CPU
	EndGlobalSection
	GlobalSection(ProjectConfigurationPlatforms) = postSolution
		{21B9ED2A-EC19-41C8-AE9A-18D032A5242D}.Debug|Any CPU.ActiveCfg = Debug|Any CPU
		{21B9ED2A-EC19-41C8-AE9A-18D032A5242D}.Debug|Any CPU.Build.0 = Debug|Any CPU
		{21B9ED2A-EC19-41C8-AE9A-18D032A5242D}.Release|Any CPU.ActiveCfg = Release|Any CPU
		{21B9ED2A-EC19-41C8-AE9A-18D032A5242D}.Release|Any CPU.Build.0 = Release|Any CPU
	EndGlobalSection
	GlobalSection(SolutionProperties) = preSolution
		HideSolutionNode = FALSE
	EndGlobalSection
EndGlobal
